
Microsoft Visual Studio Solution File, Format Version 12.00
# Visual Studio Version 17
VisualStudioVersion = 17.8.34408.163
MinimumVisualStudioVersion = 10.0.40219.1
Project("{FAE04EC0-301F-11D3-BF4B-00C04F79EFBC}") = "HotelManagementSystem", "HotelManagementSystem.csproj", "{924BB5E3-71AF-450C-8F2B-0BD159B44641}"
EndProject
Global
	GlobalSection(SolutionConfigurationPlatforms) = preSolution
		Debug|Any CPU = Debug|Any CPU
		Release|Any CPU = Release|Any CPU
	EndGlobalSection
	GlobalSection(ProjectConfigurationPlatforms) = postSolution
		{924BB5E3-71AF-450C-8F2B-0BD159B44641}.Debug|Any CPU.ActiveCfg = Debug|Any CPU
		{924BB5E3-71AF-450C-8F2B-0BD159B44641}.Debug|Any CPU.Build.0 = Debug|Any CPU
		{924BB5E3-71AF-450C-8F2B-0BD159B44641}.Release|Any CPU.ActiveCfg = Release|Any CPU
		{924BB5E3-71AF-450C-8F2B-0BD159B44641}.Release|Any CPU.Build.0 = Release|Any CPU
	EndGlobalSection
	GlobalSection(SolutionProperties) = preSolution
		HideSolutionNode = FALSE
	EndGlobalSection
	GlobalSection(ExtensibilityGlobals) = postSolution
		SolutionGuid = {78984BFC-764D-4FB1-BE23-0053D823FDA4}
	EndGlobalSection
EndGlobal
